{
  "name": "downloads",
  "lockfileVersion": 3,
  "requires": true,
  "packages": {
    "": {
      "devDependencies": {
        "@types/turndown": "^5.0.4"
      }
    },
    "node_modules/@types/turndown": {
      "version": "5.0.4",
      "resolved": "https://registry.npmjs.org/@types/turndown/-/turndown-5.0.4.tgz",
      "integrity": "sha512-28GI33lCCkU4SGH1GvjDhFgOVr+Tym4PXGBIU1buJUa6xQolniPArtUT+kv42RR2N9MsMLInkr904Aq+ESHBJg==",
      "dev": true
    }
  }
}
